
Microsoft Visual Studio Solution File, Format Version 12.00
# Visual Studio Version 17
VisualStudioVersion = 17.9.34607.119
MinimumVisualStudioVersion = 10.0.40219.1
Project("{FAE04EC0-301F-11D3-BF4B-00C04F79EFBC}") = "client", "client.csproj", "{33718E7A-4943-431A-9FE4-B82327426D84}"
EndProject
Global
	GlobalSection(SolutionConfigurationPlatforms) = preSolution
		Debug|Any CPU = Debug|Any CPU
		Release|Any CPU = Release|Any CPU
	EndGlobalSection
	GlobalSection(ProjectConfigurationPlatforms) = postSolution
		{33718E7A-4943-431A-9FE4-B82327426D84}.Debug|Any CPU.ActiveCfg = Debug|Any CPU
		{33718E7A-4943-431A-9FE4-B82327426D84}.Debug|Any CPU.Build.0 = Debug|Any CPU
		{33718E7A-4943-431A-9FE4-B82327426D84}.Release|Any CPU.ActiveCfg = Release|Any CPU
		{33718E7A-4943-431A-9FE4-B82327426D84}.Release|Any CPU.Build.0 = Release|Any CPU
	EndGlobalSection
	GlobalSection(SolutionProperties) = preSolution
		HideSolutionNode = FALSE
	EndGlobalSection
	GlobalSection(ExtensibilityGlobals) = postSolution
		SolutionGuid = {763E90FF-034F-4FE6-A360-835E27D932A6}
	EndGlobalSection
EndGlobal
