
Microsoft Visual Studio Solution File, Format Version 12.00
# Visual Studio Version 17
VisualStudioVersion = 17.9.34607.119
MinimumVisualStudioVersion = 10.0.40219.1
Project("{FAE04EC0-301F-11D3-BF4B-00C04F79EFBC}") = "order_servicelibrary", "order_servicelibrary.csproj", "{06976EA4-B26B-445B-86AC-B560DF242898}"
EndProject
Global
	GlobalSection(SolutionConfigurationPlatforms) = preSolution
		Debug|Any CPU = Debug|Any CPU
		Release|Any CPU = Release|Any CPU
	EndGlobalSection
	GlobalSection(ProjectConfigurationPlatforms) = postSolution
		{06976EA4-B26B-445B-86AC-B560DF242898}.Debug|Any CPU.ActiveCfg = Debug|Any CPU
		{06976EA4-B26B-445B-86AC-B560DF242898}.Debug|Any CPU.Build.0 = Debug|Any CPU
		{06976EA4-B26B-445B-86AC-B560DF242898}.Release|Any CPU.ActiveCfg = Release|Any CPU
		{06976EA4-B26B-445B-86AC-B560DF242898}.Release|Any CPU.Build.0 = Release|Any CPU
	EndGlobalSection
	GlobalSection(SolutionProperties) = preSolution
		HideSolutionNode = FALSE
	EndGlobalSection
	GlobalSection(ExtensibilityGlobals) = postSolution
		SolutionGuid = {0C5BB418-7171-4029-A275-3DB5FDAA755A}
	EndGlobalSection
EndGlobal
